
Microsoft Visual Studio Solution File, Format Version 12.00
# Visual Studio Version 16
VisualStudioVersion = 16.0.31105.61
MinimumVisualStudioVersion = 10.0.40219.1
Project("{FAE04EC0-301F-11D3-BF4B-00C04F79EFBC}") = "ModelSat_Test_Kite", "ModelSat_Test_Kite.csproj", "{7AFC79C0-E2EF-4510-9727-5696B05F9C80}"
EndProject
Global
	GlobalSection(SolutionConfigurationPlatforms) = preSolution
		Debug|Any CPU = Debug|Any CPU
		Release|Any CPU = Release|Any CPU
	EndGlobalSection
	GlobalSection(ProjectConfigurationPlatforms) = postSolution
		{7AFC79C0-E2EF-4510-9727-5696B05F9C80}.Debug|Any CPU.ActiveCfg = Debug|Any CPU
		{7AFC79C0-E2EF-4510-9727-5696B05F9C80}.Debug|Any CPU.Build.0 = Debug|Any CPU
		{7AFC79C0-E2EF-4510-9727-5696B05F9C80}.Release|Any CPU.ActiveCfg = Release|Any CPU
		{7AFC79C0-E2EF-4510-9727-5696B05F9C80}.Release|Any CPU.Build.0 = Release|Any CPU
	EndGlobalSection
	GlobalSection(SolutionProperties) = preSolution
		HideSolutionNode = FALSE
	EndGlobalSection
	GlobalSection(ExtensibilityGlobals) = postSolution
		SolutionGuid = {63A20794-670B-4704-ACFC-69A238C197D9}
	EndGlobalSection
EndGlobal
